{
  "nodes": {
    "deploy-rs": {
      "inputs": {
        "flake-compat": "flake-compat",
        "nixpkgs": [
          "nixpkgs"
        ],
        "utils": "utils"
      },
      "locked": {
        "lastModified": 1788879443,
        "narHash": "sha256-qb9sL86UCUEd3SYAda4ItN1NV0vhMSdbpA64WckvVI0=",
        "ref": "refs/heads/master",
        "rev": "414ac5f35d79aabe5a0bf52451d8cf61eadf6c88",
        "shallow": true,
        "type": "git",
        "url": "ssh://git@github.com/serokell/deploy-rs"
      },
      "original": {
        "shallow": true,
        "type": "git",
        "url": "ssh://git@github.com/serokell/deploy-rs"
      }
    },
    "devshell": {
      "inputs": {
        "nixpkgs": [
          "nixpkgs"
        ]
      },
      "locked": {
        "lastModified": 1768818222,
        "narHash": "sha256-460jc0+CZfyaO8+w8JNtlClB2n4ui1RbHfPTLkpwhU8=",
        "ref": "refs/heads/main",
        "rev": "255a2b1725a20d060f566e4755dbf571bbbb5f76",
        "shallow": true,
        "type": "git",
        "url": "ssh://git@github.com/numtide/devshell"
      },
      "original": {
        "shallow": true,
        "type": "git",
        "url": "ssh://git@github.com/numtide/devshell"
      }
    },
    "disko": {
      "inputs": {
        "nixpkgs": [
          "nixpkgs"
        ]
      },
      "locked": {
        "lastModified": 1778958912,
        "narHash": "sha256-6pvS9rIF9mZRj1ENwu9fDLHeG1JFDTCpRyy6vJhXkTA=",
        "ref": "refs/heads/master",
        "rev": "6e8dc7aa0e65fce67c76e18227a13a7d529f2cdf",
        "shallow": true,
        "type": "git",
        "url": "ssh://git@github.com/nix-community/disko"
      },
      "original": {
        "shallow": true,
        "type": "git",
        "url": "ssh://git@github.com/nix-community/disko"
      }
    },
    "disko-zfs": {
      "inputs": {
        "disko": [
          "disko"
        ],
        "flake-parts": [
          "flake-parts"
        ],
        "nixpkgs": [
          "nixpkgs"
        ]
      },
      "locked": {
        "lastModified": 1773422739,
        "narHash": "sha256-nfl7tj3TN8MZI5JpidUjlqax+2ly2BHay3tpM/cc9ik=",
        "ref": "refs/heads/main",
        "rev": "adaef72fba88b4f313fcb3f7cf02e24b2a09b648",
        "shallow": true,
        "type": "git",
        "url": "ssh://git@github.com/numtide/disko-zfs"
      },
      "original": {
        "shallow": true,
        "type": "git",
        "url": "ssh://git@github.com/numtide/disko-zfs"
      }
    },
    "flake-compat": {
      "flake": false,
      "locked": {
        "lastModified": 1733328505,
        "narHash": "sha256-NeCCThCEP3eCl2l/+27kNNK7QrwZB1IJCrXfrbv5oqU=",
        "owner": "edolstra",
        "repo": "flake-compat",
        "rev": "ff81ac966bb2cae68946d5ed5fc4994f96d0ffec",
        "type": "github"
      },
      "original": {
        "owner": "edolstra",
        "repo": "flake-compat",
        "type": "github"
      }
    },
    "flake-compat_2": {
      "flake": false,
      "locked": {
        "lastModified": 1767039857,
        "narHash": "sha256-vNpUSpF5Nuw8xvDLj2KCwwksIbjua2LZCqhV1LNRDns=",
        "owner": "NixOS",
        "repo": "flake-compat",
        "rev": "5edf11c44bc78a0d334f6334cdaf7d60d732daab",
        "type": "github"
      },
      "original": {
        "owner": "NixOS",
        "repo": "flake-compat",
        "type": "github"
      }
    },
    "flake-parts": {
      "inputs": {
        "nixpkgs-lib": "nixpkgs-lib"
      },
      "locked": {
        "lastModified": 1778716662,
        "narHash": "sha256-m1Yf0wZ8j1OHjTc2UwHwyQRSnNeSgLJOd7q5Y45hzi4=",
        "ref": "refs/heads/main",
        "rev": "f7c1a2d347e4c52d5fb8d10cb4d94b5884e546fb",
        "shallow": true,
        "type": "git",
        "url": "ssh://git@github.com/hercules-ci/flake-parts"
      },
      "original": {
        "shallow": true,
        "type": "git",
        "url": "ssh://git@github.com/hercules-ci/flake-parts"
      }
    },
    "git-hooks-nix": {
      "inputs": {
        "flake-compat": "flake-compat_2",
        "gitignore": "gitignore",
        "nixpkgs": [
          "nixpkgs"
        ]
      },
      "locked": {
        "lastModified": 1778507602,
        "narHash": "sha256-kTwur1wV+01SdqskVMSo6JMEpg71ps3HpbFY2GsflKs=",
        "ref": "refs/heads/master",
        "rev": "61ab0e80d9c7ab14c256b5b453d8b3fb0189ba0a",
        "shallow": true,
        "type": "git",
        "url": "ssh://git@github.com/cachix/git-hooks.nix"
      },
      "original": {
        "shallow": true,
        "type": "git",
        "url": "ssh://git@github.com/cachix/git-hooks.nix"
      }
    },
    "gitignore": {
      "inputs": {
        "nixpkgs": [
          "git-hooks-nix",
          "nixpkgs"
        ]
      },
      "locked": {
        "lastModified": 1709087332,
        "narHash": "sha256-HG2cCnktfHsKV0s4XW83gU3F57gaTljL9KNSuG6bnQs=",
        "owner": "hercules-ci",
        "repo": "gitignore.nix",
        "rev": "637db329424fd7e46cf4185293b9cc8c88c95394",
        "type": "github"
      },
      "original": {
        "owner": "hercules-ci",
        "repo": "gitignore.nix",
        "type": "github"
      }
    },
    "home-manager": {
      "inputs": {
        "nixpkgs": [
          "nixpkgs"
        ]
      },
      "locked": {
        "lastModified": 1780883961,
        "narHash": "sha256-WU6SUrESuPiEXEUvX4D51AgWrXRJty+sLJBwBaDBGqE=",
        "ref": "release-26.05",
        "rev": "4eb4fec41674d5b059aa2eedf0f98453890546fa",
        "shallow": true,
        "type": "git",
        "url": "ssh://git@github.com/nix-community/home-manager"
      },
      "original": {
        "ref": "release-26.05",
        "shallow": true,
        "type": "git",
        "url": "ssh://git@github.com/nix-community/home-manager"
      }
    },
    "impermanence": {
      "inputs": {
        "home-manager": [
          "home-manager"
        ],
        "nixpkgs": [
          "nixpkgs"
        ]
      },
      "locked": {
        "lastModified": 1769548169,
        "narHash": "sha256-03+JxvzmfwRu+5JafM0DLbxgHttOQZkUtDWBmeUkN8Y=",
        "ref": "refs/heads/master",
        "rev": "7b1d382faf603b6d264f58627330f9faa5cba149",
        "shallow": true,
        "type": "git",
        "url": "ssh://git@github.com/nix-community/impermanence"
      },
      "original": {
        "shallow": true,
        "type": "git",
        "url": "ssh://git@github.com/nix-community/impermanence"
      }
    },
    "nixos-images": {
      "inputs": {
        "nixos-stable": [
          "nixpkgs"
        ],
        "nixos-unstable": [
          "nixpkgs-unstable"
        ]
      },
      "locked": {
        "lastModified": 1789036642,
        "narHash": "sha256-ng2Ou1UrVCP98OAJiq8Mv6aDF/kjQWyaKm4PaxWtAu4=",
        "ref": "refs/heads/main",
        "rev": "4fcaaefd02b5bc777f99afd620cb1a9aa1fb5b83",
        "shallow": true,
        "type": "git",
        "url": "ssh://git@github.com/nix-community/nixos-images"
      },
      "original": {
        "shallow": true,
        "type": "git",
        "url": "ssh://git@github.com/nix-community/nixos-images"
      }
    },
    "nixpkgs": {
      "locked": {
        "lastModified": 1780902259,
        "narHash": "sha256-q8yYEC5f1mFlQO9RGna4LTc9QrcvWunX6FYp83munkQ=",
        "ref": "nixos-26.05",
        "rev": "bd0ff2d3eac24699c3664d5966b9ef36f388e2ca",
        "shallow": true,
        "type": "git",
        "url": "ssh://git@github.com/NixOS/nixpkgs"
      },
      "original": {
        "ref": "nixos-26.05",
        "shallow": true,
        "type": "git",
        "url": "ssh://git@github.com/NixOS/nixpkgs"
      }
    },
    "nixpkgs-lib": {
      "locked": {
        "lastModified": 1777168982,
        "narHash": "sha256-GOkGPcboWE9BmGCRMLX3worL4EMnsnG8MyKmXNeYuhQ=",
        "owner": "nix-community",
        "repo": "nixpkgs.lib",
        "rev": "f5901329dade4a6ea039af1433fb087bd9c1fe14",
        "type": "github"
      },
      "original": {
        "owner": "nix-community",
        "repo": "nixpkgs.lib",
        "type": "github"
      }
    },
    "nixpkgs-unstable": {
      "locked": {
        "lastModified": 1778869304,
        "narHash": "sha256-30sZNZoA1cqF5JNO9fVX+wgiQYjB7HJqqJ4ztCDeBZE=",
        "ref": "nixos-unstable",
        "rev": "d233902339c02a9c334e7e593de68855ad26c4cb",
        "shallow": true,
        "type": "git",
        "url": "ssh://git@github.com/NixOS/nixpkgs"
      },
      "original": {
        "ref": "nixos-unstable",
        "shallow": true,
        "type": "git",
        "url": "ssh://git@github.com/NixOS/nixpkgs"
      }
    },
    "process-compose-flake": {
      "locked": {
        "lastModified": 1767863885,
        "narHash": "sha256-XXekPAxzbv1DmHFo3Elmj/vDnvWc1V0jdDUvM0/Wf7k=",
        "ref": "refs/heads/main",
        "rev": "99bea96cf269cfd235833ebdf645b567069fd398",
        "shallow": true,
        "type": "git",
        "url": "ssh://git@github.com/Platonic-Systems/process-compose-flake"
      },
      "original": {
        "shallow": true,
        "type": "git",
        "url": "ssh://git@github.com/Platonic-Systems/process-compose-flake"
      }
    },
    "root": {
      "inputs": {
        "deploy-rs": "deploy-rs",
        "devshell": "devshell",
        "disko": "disko",
        "disko-zfs": "disko-zfs",
        "flake-parts": "flake-parts",
        "git-hooks-nix": "git-hooks-nix",
        "home-manager": "home-manager",
        "impermanence": "impermanence",
        "nixos-images": "nixos-images",
        "nixpkgs": "nixpkgs",
        "nixpkgs-unstable": "nixpkgs-unstable",
        "process-compose-flake": "process-compose-flake",
        "services-flake": "services-flake",
        "sops-nix": "sops-nix",
        "systems": "systems_2",
        "team": "team"
      }
    },
    "services-flake": {
      "locked": {
        "lastModified": 1778980174,
        "narHash": "sha256-BFnPAQsDtHhntjUUVhluwZB+QvA0fZXXtruIoxHCepI=",
        "ref": "refs/heads/main",
        "rev": "b1965cb0b36ec958c958c037f157d52efd809e5a",
        "shallow": true,
        "type": "git",
        "url": "ssh://git@github.com/juspay/services-flake"
      },
      "original": {
        "shallow": true,
        "type": "git",
        "url": "ssh://git@github.com/juspay/services-flake"
      }
    },
    "sops-nix": {
      "inputs": {
        "nixpkgs": [
          "nixpkgs"
        ]
      },
      "locked": {
        "lastModified": 1777944972,
        "narHash": "sha256-VfGRo1qTBKOe3s2gOv8LSoA6Fk19PvBlwQ1ECN0Evn8=",
        "ref": "refs/heads/master",
        "rev": "c591bf665727040c6cc5cb409079acb22dcce33c",
        "shallow": true,
        "type": "git",
        "url": "ssh://git@github.com/Mic92/sops-nix"
      },
      "original": {
        "shallow": true,
        "type": "git",
        "url": "ssh://git@github.com/Mic92/sops-nix"
      }
    },
    "systems": {
      "locked": {
        "lastModified": 1681028828,
        "narHash": "sha256-Vy1rq5AaRuLzOxct8nz4T6wlgyUR7zLU309k9mBC768=",
        "owner": "nix-systems",
        "repo": "default",
        "rev": "da67096a3b9bf56a91d16901293e51ba5b49a27e",
        "type": "github"
      },
      "original": {
        "owner": "nix-systems",
        "repo": "default",
        "type": "github"
      }
    },
    "systems_2": {
      "locked": {
        "lastModified": 1681028828,
        "narHash": "sha256-Vy1rq5AaRuLzOxct8nz4T6wlgyUR7zLU309k9mBC768=",
        "ref": "refs/heads/main",
        "rev": "da67096a3b9bf56a91d16901293e51ba5b49a27e",
        "shallow": true,
        "type": "git",
        "url": "ssh://git@github.com/nix-systems/default"
      },
      "original": {
        "shallow": true,
        "type": "git",
        "url": "ssh://git@github.com/nix-systems/default"
      }
    },
    "team": {
      "flake": false,
      "locked": {
        "narHash": "sha256-d6xi4mKdjkX2JFicDIv5niSzpyI0m/Hnm8GGAIU04kY=",
        "type": "file",
        "url": "file:///dev/null"
      },
      "original": {
        "type": "file",
        "url": "file:///dev/null"
      }
    },
    "utils": {
      "inputs": {
        "systems": "systems"
      },
      "locked": {
        "lastModified": 1731533236,
        "narHash": "sha256-l0KFg5HjrsfsO/JpG+r7fRrqm12kzFHyUHqHCVpMMbI=",
        "owner": "numtide",
        "repo": "flake-utils",
        "rev": "11707dc2f618dd54ca8739b309ec4fc024de578b",
        "type": "github"
      },
      "original": {
        "owner": "numtide",
        "repo": "flake-utils",
        "type": "github"
      }
    }
  },
  "root": "root",
  "version": 7
}
